<?xml version="1.0" encoding="UTF-8"?>
<Solution>
	<Configurations>
		<BuildType Name="Debug"/>
		<BuildType Name="Release"/>
		<BuildType Name="MinSizeRel"/>
		<BuildType Name="RelWithDebInfo"/>
		<Platform Name="x64"/>
	</Configurations>
	<Project Path="ALL_BUILD.vcxproj" Type="8bc9ceb8-8b4a-11d0-8d11-00a0c91bc942" Id="f5ed84bf-7df9-34d6-af3a-4858c8a99a97" DefaultStartup="true">
		<BuildDependency Project="ZERO_CHECK.vcxproj"/>
		<BuildDependency Project="mdl_core.vcxproj"/>
		<BuildDependency Project="mdltool++.vcxproj"/>
		<BuildDependency Project="mdltool_tests.vcxproj"/>
		<BuildDependency Project="studiomdl++.vcxproj"/>
		<Build Solution="Debug|*" Project="false"/>
		<Build Solution="Release|*" Project="false"/>
		<Build Solution="MinSizeRel|*" Project="false"/>
		<Build Solution="RelWithDebInfo|*" Project="false"/>
	</Project>
	<Project Path="RUN_TESTS.vcxproj" Type="8bc9ceb8-8b4a-11d0-8d11-00a0c91bc942" Id="f2166f04-7fb0-38b2-9712-35c55964c853">
		<BuildDependency Project="ZERO_CHECK.vcxproj"/>
		<Build Solution="Debug|*" Project="false"/>
		<Build Solution="Release|*" Project="false"/>
		<Build Solution="MinSizeRel|*" Project="false"/>
		<Build Solution="RelWithDebInfo|*" Project="false"/>
	</Project>
	<Project Path="ZERO_CHECK.vcxproj" Type="8bc9ceb8-8b4a-11d0-8d11-00a0c91bc942" Id="ad49fc11-dce5-3885-8f00-048911916a5f"/>
	<Project Path="mdl_core.vcxproj" Type="8bc9ceb8-8b4a-11d0-8d11-00a0c91bc942" Id="2dc2992a-292f-3a12-973f-af157498f182">
		<BuildDependency Project="ZERO_CHECK.vcxproj"/>
	</Project>
	<Project Path="mdltool++.vcxproj" Type="8bc9ceb8-8b4a-11d0-8d11-00a0c91bc942" Id="3bdf3d9c-d3a8-3e0b-9e29-223af9e0ba63">
		<BuildDependency Project="ZERO_CHECK.vcxproj"/>
		<BuildDependency Project="mdl_core.vcxproj"/>
	</Project>
	<Project Path="mdltool_tests.vcxproj" Type="8bc9ceb8-8b4a-11d0-8d11-00a0c91bc942" Id="d06b2d45-f98d-3786-9cbc-2f86a3b51c84">
		<BuildDependency Project="ZERO_CHECK.vcxproj"/>
	</Project>
	<Project Path="studiomdl++.vcxproj" Type="8bc9ceb8-8b4a-11d0-8d11-00a0c91bc942" Id="51a718d9-0a15-32b3-a1b4-587ff986b004">
		<BuildDependency Project="ZERO_CHECK.vcxproj"/>
	</Project>
</Solution>
