<?xml version="1.0" encoding="UTF-8"?>
<Solution>
	<Configurations>
		<BuildType Name="Debug"/>
		<BuildType Name="Release"/>
		<BuildType Name="MinSizeRel"/>
		<BuildType Name="RelWithDebInfo"/>
		<Platform Name="x64"/>
	</Configurations>
	<Project Path="imgui_docking.vcxproj" Type="8bc9ceb8-8b4a-11d0-8d11-00a0c91bc942" Id="56e277e7-9311-31eb-8593-4d71fbb49ff6">
		<BuildDependency Project="ZERO_CHECK.vcxproj"/>
		<BuildDependency Project="_deps/glfw-build/src/glfw.vcxproj"/>
	</Project>
	<Project Path="mdl_core.vcxproj" Type="8bc9ceb8-8b4a-11d0-8d11-00a0c91bc942" Id="ae3d5bcb-13dc-3141-a7f4-acca904ac3ec">
		<BuildDependency Project="ZERO_CHECK.vcxproj"/>
	</Project>
	<Project Path="mdltool++.vcxproj" Type="8bc9ceb8-8b4a-11d0-8d11-00a0c91bc942" Id="8c193703-b156-3f44-83de-6b58b85ef709">
		<BuildDependency Project="ZERO_CHECK.vcxproj"/>
		<BuildDependency Project="mdl_core.vcxproj"/>
	</Project>
	<Project Path="mdltool_gui.vcxproj" Type="8bc9ceb8-8b4a-11d0-8d11-00a0c91bc942" Id="452bf3e1-44e7-356a-b747-4e2f1f4b210d">
		<BuildDependency Project="ZERO_CHECK.vcxproj"/>
		<BuildDependency Project="_deps/glfw-build/src/glfw.vcxproj"/>
		<BuildDependency Project="imgui_docking.vcxproj"/>
		<BuildDependency Project="mdl_core.vcxproj"/>
		<BuildDependency Project="_deps/nfd-build/src/nfd.vcxproj"/>
	</Project>
	<Project Path="mdltool_tests.vcxproj" Type="8bc9ceb8-8b4a-11d0-8d11-00a0c91bc942" Id="a8828ccf-d281-3b76-a2da-3ac0771159d9">
		<BuildDependency Project="ZERO_CHECK.vcxproj"/>
	</Project>
	<Project Path="_deps/nfd-build/src/nfd.vcxproj" Type="8bc9ceb8-8b4a-11d0-8d11-00a0c91bc942" Id="21f3a5ff-6f4f-3174-bd95-1b3dff14a31d">
		<BuildDependency Project="ZERO_CHECK.vcxproj"/>
	</Project>
	<Project Path="studiomdl++.vcxproj" Type="8bc9ceb8-8b4a-11d0-8d11-00a0c91bc942" Id="d9c366b4-1536-38d9-bec3-00dfbb89e5d7">
		<BuildDependency Project="ZERO_CHECK.vcxproj"/>
	</Project>
	<Folder Name="/CMakePredefinedTargets/">
		<Project Path="ALL_BUILD.vcxproj" Type="8bc9ceb8-8b4a-11d0-8d11-00a0c91bc942" Id="a863df4f-d75c-37d8-a0a1-49c64880e744" DefaultStartup="true">
			<BuildDependency Project="ZERO_CHECK.vcxproj"/>
			<BuildDependency Project="_deps/glfw-build/src/glfw.vcxproj"/>
			<BuildDependency Project="imgui_docking.vcxproj"/>
			<BuildDependency Project="mdl_core.vcxproj"/>
			<BuildDependency Project="mdltool++.vcxproj"/>
			<BuildDependency Project="mdltool_gui.vcxproj"/>
			<BuildDependency Project="mdltool_tests.vcxproj"/>
			<BuildDependency Project="_deps/nfd-build/src/nfd.vcxproj"/>
			<BuildDependency Project="studiomdl++.vcxproj"/>
			<Build Solution="Debug|*" Project="false"/>
			<Build Solution="Release|*" Project="false"/>
			<Build Solution="MinSizeRel|*" Project="false"/>
			<Build Solution="RelWithDebInfo|*" Project="false"/>
		</Project>
		<Project Path="RUN_TESTS.vcxproj" Type="8bc9ceb8-8b4a-11d0-8d11-00a0c91bc942" Id="09a12065-1608-394a-a935-f3b25b0ee3da">
			<BuildDependency Project="ZERO_CHECK.vcxproj"/>
			<Build Solution="Debug|*" Project="false"/>
			<Build Solution="Release|*" Project="false"/>
			<Build Solution="MinSizeRel|*" Project="false"/>
			<Build Solution="RelWithDebInfo|*" Project="false"/>
		</Project>
		<Project Path="ZERO_CHECK.vcxproj" Type="8bc9ceb8-8b4a-11d0-8d11-00a0c91bc942" Id="597daf5d-330d-3394-8939-678a28a1ff8a"/>
	</Folder>
	<Folder Name="/GLFW3/">
		<Project Path="_deps/glfw-build/src/glfw.vcxproj" Type="8bc9ceb8-8b4a-11d0-8d11-00a0c91bc942" Id="6d4c0d59-da93-3cde-9225-fc49ba847d5d">
			<BuildDependency Project="ZERO_CHECK.vcxproj"/>
		</Project>
		<Project Path="_deps/glfw-build/src/update_mappings.vcxproj" Type="8bc9ceb8-8b4a-11d0-8d11-00a0c91bc942" Id="a3d1e56c-5645-3d07-90b2-d37712d39791">
			<BuildDependency Project="ZERO_CHECK.vcxproj"/>
			<Build Solution="Debug|*" Project="false"/>
			<Build Solution="Release|*" Project="false"/>
			<Build Solution="MinSizeRel|*" Project="false"/>
			<Build Solution="RelWithDebInfo|*" Project="false"/>
		</Project>
	</Folder>
</Solution>
