<?xml version="1.0" encoding="UTF-8"?>
<Solution>
	<Configurations>
		<BuildType Name="Debug"/>
		<BuildType Name="Release"/>
		<BuildType Name="MinSizeRel"/>
		<BuildType Name="RelWithDebInfo"/>
		<Platform Name="x64"/>
	</Configurations>
	<Project Path="ALL_BUILD.vcxproj" Type="8bc9ceb8-8b4a-11d0-8d11-00a0c91bc942" Id="a76232ac-19af-3e21-88b3-33c268aeeaeb" DefaultStartup="true">
		<BuildDependency Project="ZERO_CHECK.vcxproj"/>
		<BuildDependency Project="mdl_core.vcxproj"/>
		<BuildDependency Project="mdltool++.vcxproj"/>
		<BuildDependency Project="mdltool_tests.vcxproj"/>
		<BuildDependency Project="studiomdl++.vcxproj"/>
		<Build Solution="Debug|*" Project="false"/>
		<Build Solution="Release|*" Project="false"/>
		<Build Solution="MinSizeRel|*" Project="false"/>
		<Build Solution="RelWithDebInfo|*" Project="false"/>
	</Project>
	<Project Path="RUN_TESTS.vcxproj" Type="8bc9ceb8-8b4a-11d0-8d11-00a0c91bc942" Id="de26f14d-e437-364d-9d20-a3bdcb64e5ef">
		<BuildDependency Project="ZERO_CHECK.vcxproj"/>
		<Build Solution="Debug|*" Project="false"/>
		<Build Solution="Release|*" Project="false"/>
		<Build Solution="MinSizeRel|*" Project="false"/>
		<Build Solution="RelWithDebInfo|*" Project="false"/>
	</Project>
	<Project Path="ZERO_CHECK.vcxproj" Type="8bc9ceb8-8b4a-11d0-8d11-00a0c91bc942" Id="3f904509-8647-3996-a6fa-4ef6583782f4"/>
	<Project Path="mdl_core.vcxproj" Type="8bc9ceb8-8b4a-11d0-8d11-00a0c91bc942" Id="7f6882ba-1486-39e1-bc18-59f9b2837375">
		<BuildDependency Project="ZERO_CHECK.vcxproj"/>
	</Project>
	<Project Path="mdltool++.vcxproj" Type="8bc9ceb8-8b4a-11d0-8d11-00a0c91bc942" Id="3069e8cf-3b28-39d6-9f90-8ca90d004635">
		<BuildDependency Project="ZERO_CHECK.vcxproj"/>
		<BuildDependency Project="mdl_core.vcxproj"/>
	</Project>
	<Project Path="mdltool_tests.vcxproj" Type="8bc9ceb8-8b4a-11d0-8d11-00a0c91bc942" Id="de4b9f65-fae6-398e-8a75-4d9e5aed3e1a">
		<BuildDependency Project="ZERO_CHECK.vcxproj"/>
	</Project>
	<Project Path="studiomdl++.vcxproj" Type="8bc9ceb8-8b4a-11d0-8d11-00a0c91bc942" Id="fda79861-90bb-35d8-955f-1430bee496a6">
		<BuildDependency Project="ZERO_CHECK.vcxproj"/>
	</Project>
</Solution>
